PODS:
  - RxAnimated (0.5.0):
    - RxAnimated/Core (= 0.5.0)
    - RxCocoa (~> 4.3)
    - RxSwift (~> 4.3)
  - RxAnimated/Core (0.5.0):
    - RxCocoa (~> 4.3)
    - RxSwift (~> 4.3)
  - RxCocoa (4.3.0):
    - RxSwift (~> 4.0)
  - RxSwift (4.3.0)

DEPENDENCIES:
  - RxAnimated (from `../`)
  - RxCocoa (~> 4.3.0)
  - RxSwift (~> 4.3.0)

SPEC REPOS:
  https://github.com/cocoapods/specs.git:
    - RxCocoa
    - RxSwift

EXTERNAL SOURCES:
  RxAnimated:
    :path: "../"

SPEC CHECKSUMS:
  RxAnimated: d934ca1e16efdaf44226e398f229c4419fb0b77b
  RxCocoa: 71b9cce833fbcb89a8eec11816dd225830c2bd3c
  RxSwift: a9717a34df3179fe63563f76e046ad345078dd3a

PODFILE CHECKSUM: 3377204d48abfb1d388d997ab22f720b535ac7f0

COCOAPODS: 1.6.0.beta.1
