{
  "object": {
    "pins": [
      {
        "package": "RxSwift",
        "repositoryURL": "https://github.com/ReactiveX/RxSwift.git",
        "state": {
          "branch": null,
          "revision": "c1bd31b397d87a54467af4161dde9d6b27720c19",
          "version": "5.1.0"
        }
      }
    ]
  },
  "version": 1
}
